
Microsoft Visual Studio Solution File, Format Version 12.00
# Visual Studio 2012
Project("{FAE04EC0-301F-11D3-BF4B-00C04F79EFBC}") = "AppXam", "AppXam\AppXam\AppXam.csproj", "{4D3D67F0-A72A-4107-B7EC-A62F465FCDB6}"
EndProject
Project("{FAE04EC0-301F-11D3-BF4B-00C04F79EFBC}") = "AppXam.iOS", "AppXam\AppXam.iOS\AppXam.iOS.csproj", "{99A51989-4FCE-4C20-85A0-2816BC4E1231}"
EndProject
Project("{FAE04EC0-301F-11D3-BF4B-00C04F79EFBC}") = "AppXam.Droid", "AppXam\AppXam.Droid\AppXam.Droid.csproj", "{9B050B7D-E954-4818-8FA7-6D0E9C488A03}"
EndProject
Global
	GlobalSection(SolutionConfigurationPlatforms) = preSolution
		Ad-Hoc|Any CPU = Ad-Hoc|Any CPU
		Ad-Hoc|iPhone = Ad-Hoc|iPhone
		Ad-Hoc|iPhoneSimulator = Ad-Hoc|iPhoneSimulator
		Ad-Hoc|Mixed Platforms = Ad-Hoc|Mixed Platforms
		AppStore|Any CPU = AppStore|Any CPU
		AppStore|iPhone = AppStore|iPhone
		AppStore|iPhoneSimulator = AppStore|iPhoneSimulator
		AppStore|Mixed Platforms = AppStore|Mixed Platforms
		Debug|Any CPU = Debug|Any CPU
		Debug|iPhone = Debug|iPhone
		Debug|iPhoneSimulator = Debug|iPhoneSimulator
		Debug|Mixed Platforms = Debug|Mixed Platforms
		Release|Any CPU = Release|Any CPU
		Release|iPhone = Release|iPhone
		Release|iPhoneSimulator = Release|iPhoneSimulator
		Release|Mixed Platforms = Release|Mixed Platforms
	EndGlobalSection
	GlobalSection(ProjectConfigurationPlatforms) = postSolution
		{4D3D67F0-A72A-4107-B7EC-A62F465FCDB6}.Ad-Hoc|Any CPU.ActiveCfg = Release|Any CPU
		{4D3D67F0-A72A-4107-B7EC-A62F465FCDB6}.Ad-Hoc|Any CPU.Build.0 = Release|Any CPU
		{4D3D67F0-A72A-4107-B7EC-A62F465FCDB6}.Ad-Hoc|iPhone.ActiveCfg = Release|Any CPU
		{4D3D67F0-A72A-4107-B7EC-A62F465FCDB6}.Ad-Hoc|iPhoneSimulator.ActiveCfg = Release|Any CPU
		{4D3D67F0-A72A-4107-B7EC-A62F465FCDB6}.Ad-Hoc|Mixed Platforms.ActiveCfg = Release|Any CPU
		{4D3D67F0-A72A-4107-B7EC-A62F465FCDB6}.Ad-Hoc|Mixed Platforms.Build.0 = Release|Any CPU
		{4D3D67F0-A72A-4107-B7EC-A62F465FCDB6}.AppStore|Any CPU.ActiveCfg = Release|Any CPU
		{4D3D67F0-A72A-4107-B7EC-A62F465FCDB6}.AppStore|Any CPU.Build.0 = Release|Any CPU
		{4D3D67F0-A72A-4107-B7EC-A62F465FCDB6}.AppStore|iPhone.ActiveCfg = Release|Any CPU
		{4D3D67F0-A72A-4107-B7EC-A62F465FCDB6}.AppStore|iPhoneSimulator.ActiveCfg = Release|Any CPU
		{4D3D67F0-A72A-4107-B7EC-A62F465FCDB6}.AppStore|Mixed Platforms.ActiveCfg = Release|Any CPU
		{4D3D67F0-A72A-4107-B7EC-A62F465FCDB6}.AppStore|Mixed Platforms.Build.0 = Release|Any CPU
		{4D3D67F0-A72A-4107-B7EC-A62F465FCDB6}.Debug|Any CPU.ActiveCfg = Debug|Any CPU
		{4D3D67F0-A72A-4107-B7EC-A62F465FCDB6}.Debug|Any CPU.Build.0 = Debug|Any CPU
		{4D3D67F0-A72A-4107-B7EC-A62F465FCDB6}.Debug|iPhone.ActiveCfg = Debug|Any CPU
		{4D3D67F0-A72A-4107-B7EC-A62F465FCDB6}.Debug|iPhoneSimulator.ActiveCfg = Debug|Any CPU
		{4D3D67F0-A72A-4107-B7EC-A62F465FCDB6}.Debug|Mixed Platforms.ActiveCfg = Debug|Any CPU
		{4D3D67F0-A72A-4107-B7EC-A62F465FCDB6}.Debug|Mixed Platforms.Build.0 = Debug|Any CPU
		{4D3D67F0-A72A-4107-B7EC-A62F465FCDB6}.Release|Any CPU.ActiveCfg = Release|Any CPU
		{4D3D67F0-A72A-4107-B7EC-A62F465FCDB6}.Release|Any CPU.Build.0 = Release|Any CPU
		{4D3D67F0-A72A-4107-B7EC-A62F465FCDB6}.Release|iPhone.ActiveCfg = Release|Any CPU
		{4D3D67F0-A72A-4107-B7EC-A62F465FCDB6}.Release|iPhoneSimulator.ActiveCfg = Release|Any CPU
		{4D3D67F0-A72A-4107-B7EC-A62F465FCDB6}.Release|Mixed Platforms.ActiveCfg = Release|Any CPU
		{4D3D67F0-A72A-4107-B7EC-A62F465FCDB6}.Release|Mixed Platforms.Build.0 = Release|Any CPU
		{99A51989-4FCE-4C20-85A0-2816BC4E1231}.Ad-Hoc|Any CPU.ActiveCfg = Ad-Hoc|iPhone
		{99A51989-4FCE-4C20-85A0-2816BC4E1231}.Ad-Hoc|iPhone.ActiveCfg = Ad-Hoc|iPhone
		{99A51989-4FCE-4C20-85A0-2816BC4E1231}.Ad-Hoc|iPhone.Build.0 = Ad-Hoc|iPhone
		{99A51989-4FCE-4C20-85A0-2816BC4E1231}.Ad-Hoc|iPhoneSimulator.ActiveCfg = Ad-Hoc|iPhoneSimulator
		{99A51989-4FCE-4C20-85A0-2816BC4E1231}.Ad-Hoc|iPhoneSimulator.Build.0 = Ad-Hoc|iPhoneSimulator
		{99A51989-4FCE-4C20-85A0-2816BC4E1231}.Ad-Hoc|Mixed Platforms.ActiveCfg = Ad-Hoc|iPhone
		{99A51989-4FCE-4C20-85A0-2816BC4E1231}.Ad-Hoc|Mixed Platforms.Build.0 = Ad-Hoc|iPhone
		{99A51989-4FCE-4C20-85A0-2816BC4E1231}.AppStore|Any CPU.ActiveCfg = AppStore|iPhone
		{99A51989-4FCE-4C20-85A0-2816BC4E1231}.AppStore|iPhone.ActiveCfg = AppStore|iPhone
		{99A51989-4FCE-4C20-85A0-2816BC4E1231}.AppStore|iPhone.Build.0 = AppStore|iPhone
		{99A51989-4FCE-4C20-85A0-2816BC4E1231}.AppStore|iPhoneSimulator.ActiveCfg = AppStore|iPhoneSimulator
		{99A51989-4FCE-4C20-85A0-2816BC4E1231}.AppStore|iPhoneSimulator.Build.0 = AppStore|iPhoneSimulator
		{99A51989-4FCE-4C20-85A0-2816BC4E1231}.AppStore|Mixed Platforms.ActiveCfg = AppStore|iPhone
		{99A51989-4FCE-4C20-85A0-2816BC4E1231}.AppStore|Mixed Platforms.Build.0 = AppStore|iPhone
		{99A51989-4FCE-4C20-85A0-2816BC4E1231}.Debug|Any CPU.ActiveCfg = Debug|iPhone
		{99A51989-4FCE-4C20-85A0-2816BC4E1231}.Debug|iPhone.ActiveCfg = Debug|iPhone
		{99A51989-4FCE-4C20-85A0-2816BC4E1231}.Debug|iPhone.Build.0 = Debug|iPhone
		{99A51989-4FCE-4C20-85A0-2816BC4E1231}.Debug|iPhoneSimulator.ActiveCfg = Debug|iPhoneSimulator
		{99A51989-4FCE-4C20-85A0-2816BC4E1231}.Debug|iPhoneSimulator.Build.0 = Debug|iPhoneSimulator
		{99A51989-4FCE-4C20-85A0-2816BC4E1231}.Debug|Mixed Platforms.ActiveCfg = Debug|iPhone
		{99A51989-4FCE-4C20-85A0-2816BC4E1231}.Debug|Mixed Platforms.Build.0 = Debug|iPhone
		{99A51989-4FCE-4C20-85A0-2816BC4E1231}.Release|Any CPU.ActiveCfg = Release|iPhone
		{99A51989-4FCE-4C20-85A0-2816BC4E1231}.Release|iPhone.ActiveCfg = Release|iPhone
		{99A51989-4FCE-4C20-85A0-2816BC4E1231}.Release|iPhone.Build.0 = Release|iPhone
		{99A51989-4FCE-4C20-85A0-2816BC4E1231}.Release|iPhoneSimulator.ActiveCfg = Release|iPhoneSimulator
		{99A51989-4FCE-4C20-85A0-2816BC4E1231}.Release|iPhoneSimulator.Build.0 = Release|iPhoneSimulator
		{99A51989-4FCE-4C20-85A0-2816BC4E1231}.Release|Mixed Platforms.ActiveCfg = Release|iPhone
		{99A51989-4FCE-4C20-85A0-2816BC4E1231}.Release|Mixed Platforms.Build.0 = Release|iPhone
		{9B050B7D-E954-4818-8FA7-6D0E9C488A03}.Ad-Hoc|Any CPU.ActiveCfg = Release|Any CPU
		{9B050B7D-E954-4818-8FA7-6D0E9C488A03}.Ad-Hoc|Any CPU.Build.0 = Release|Any CPU
		{9B050B7D-E954-4818-8FA7-6D0E9C488A03}.Ad-Hoc|Any CPU.Deploy.0 = Release|Any CPU
		{9B050B7D-E954-4818-8FA7-6D0E9C488A03}.Ad-Hoc|iPhone.ActiveCfg = Release|Any CPU
		{9B050B7D-E954-4818-8FA7-6D0E9C488A03}.Ad-Hoc|iPhoneSimulator.ActiveCfg = Release|Any CPU
		{9B050B7D-E954-4818-8FA7-6D0E9C488A03}.Ad-Hoc|Mixed Platforms.ActiveCfg = Release|Any CPU
		{9B050B7D-E954-4818-8FA7-6D0E9C488A03}.Ad-Hoc|Mixed Platforms.Build.0 = Release|Any CPU
		{9B050B7D-E954-4818-8FA7-6D0E9C488A03}.Ad-Hoc|Mixed Platforms.Deploy.0 = Release|Any CPU
		{9B050B7D-E954-4818-8FA7-6D0E9C488A03}.AppStore|Any CPU.ActiveCfg = Release|Any CPU
		{9B050B7D-E954-4818-8FA7-6D0E9C488A03}.AppStore|Any CPU.Build.0 = Release|Any CPU
		{9B050B7D-E954-4818-8FA7-6D0E9C488A03}.AppStore|Any CPU.Deploy.0 = Release|Any CPU
		{9B050B7D-E954-4818-8FA7-6D0E9C488A03}.AppStore|iPhone.ActiveCfg = Release|Any CPU
		{9B050B7D-E954-4818-8FA7-6D0E9C488A03}.AppStore|iPhoneSimulator.ActiveCfg = Release|Any CPU
		{9B050B7D-E954-4818-8FA7-6D0E9C488A03}.AppStore|Mixed Platforms.ActiveCfg = Release|Any CPU
		{9B050B7D-E954-4818-8FA7-6D0E9C488A03}.AppStore|Mixed Platforms.Build.0 = Release|Any CPU
		{9B050B7D-E954-4818-8FA7-6D0E9C488A03}.AppStore|Mixed Platforms.Deploy.0 = Release|Any CPU
		{9B050B7D-E954-4818-8FA7-6D0E9C488A03}.Debug|Any CPU.ActiveCfg = Debug|Any CPU
		{9B050B7D-E954-4818-8FA7-6D0E9C488A03}.Debug|Any CPU.Build.0 = Debug|Any CPU
		{9B050B7D-E954-4818-8FA7-6D0E9C488A03}.Debug|Any CPU.Deploy.0 = Debug|Any CPU
		{9B050B7D-E954-4818-8FA7-6D0E9C488A03}.Debug|iPhone.ActiveCfg = Debug|Any CPU
		{9B050B7D-E954-4818-8FA7-6D0E9C488A03}.Debug|iPhoneSimulator.ActiveCfg = Debug|Any CPU
		{9B050B7D-E954-4818-8FA7-6D0E9C488A03}.Debug|Mixed Platforms.ActiveCfg = Debug|Any CPU
		{9B050B7D-E954-4818-8FA7-6D0E9C488A03}.Debug|Mixed Platforms.Build.0 = Debug|Any CPU
		{9B050B7D-E954-4818-8FA7-6D0E9C488A03}.Debug|Mixed Platforms.Deploy.0 = Debug|Any CPU
		{9B050B7D-E954-4818-8FA7-6D0E9C488A03}.Release|Any CPU.ActiveCfg = Release|Any CPU
		{9B050B7D-E954-4818-8FA7-6D0E9C488A03}.Release|Any CPU.Build.0 = Release|Any CPU
		{9B050B7D-E954-4818-8FA7-6D0E9C488A03}.Release|Any CPU.Deploy.0 = Release|Any CPU
		{9B050B7D-E954-4818-8FA7-6D0E9C488A03}.Release|iPhone.ActiveCfg = Release|Any CPU
		{9B050B7D-E954-4818-8FA7-6D0E9C488A03}.Release|iPhoneSimulator.ActiveCfg = Release|Any CPU
		{9B050B7D-E954-4818-8FA7-6D0E9C488A03}.Release|Mixed Platforms.ActiveCfg = Release|Any CPU
		{9B050B7D-E954-4818-8FA7-6D0E9C488A03}.Release|Mixed Platforms.Build.0 = Release|Any CPU
		{9B050B7D-E954-4818-8FA7-6D0E9C488A03}.Release|Mixed Platforms.Deploy.0 = Release|Any CPU
	EndGlobalSection
	GlobalSection(SolutionProperties) = preSolution
		HideSolutionNode = FALSE
	EndGlobalSection
EndGlobal
